
Microsoft Visual Studio Solution File, Format Version 12.00
# Visual Studio 14
VisualStudioVersion = 14.0.25420.1
MinimumVisualStudioVersion = 10.0.40219.1
Project("{FAE04EC0-301F-11D3-BF4B-00C04F79EFBC}") = "rules-set-engine", "rules-set-engine\rules-set-engine.csproj", "{1055CBA5-58FD-4C38-A4E5-1C9C9762D6D1}"
EndProject
Project("{FAE04EC0-301F-11D3-BF4B-00C04F79EFBC}") = "rules-set-engine.tests", "rules-set-engine.tests\rules-set-engine.tests.csproj", "{747C498E-E66E-4E28-82F6-AF870F541A7B}"
EndProject
Global
	GlobalSection(SolutionConfigurationPlatforms) = preSolution
		Debug|Any CPU = Debug|Any CPU
		Release|Any CPU = Release|Any CPU
	EndGlobalSection
	GlobalSection(ProjectConfigurationPlatforms) = postSolution
		{1055CBA5-58FD-4C38-A4E5-1C9C9762D6D1}.Debug|Any CPU.ActiveCfg = Debug|Any CPU
		{1055CBA5-58FD-4C38-A4E5-1C9C9762D6D1}.Debug|Any CPU.Build.0 = Debug|Any CPU
		{1055CBA5-58FD-4C38-A4E5-1C9C9762D6D1}.Release|Any CPU.ActiveCfg = Release|Any CPU
		{1055CBA5-58FD-4C38-A4E5-1C9C9762D6D1}.Release|Any CPU.Build.0 = Release|Any CPU
		{747C498E-E66E-4E28-82F6-AF870F541A7B}.Debug|Any CPU.ActiveCfg = Debug|Any CPU
		{747C498E-E66E-4E28-82F6-AF870F541A7B}.Debug|Any CPU.Build.0 = Debug|Any CPU
		{747C498E-E66E-4E28-82F6-AF870F541A7B}.Release|Any CPU.ActiveCfg = Release|Any CPU
		{747C498E-E66E-4E28-82F6-AF870F541A7B}.Release|Any CPU.Build.0 = Release|Any CPU
	EndGlobalSection
	GlobalSection(SolutionProperties) = preSolution
		HideSolutionNode = FALSE
	EndGlobalSection
EndGlobal
